
Microsoft Visual Studio Solution File, Format Version 12.00
# Visual Studio Version 17
VisualStudioVersion = 17.0.32014.148
MinimumVisualStudioVersion = 10.0.40219.1
Project("{FAE04EC0-301F-11D3-BF4B-00C04F79EFBC}") = "ptprj", "ptprj.csproj", "{DBB7F574-8BCB-4888-B73C-FD587A4F59E0}"
EndProject
Global
	GlobalSection(SolutionConfigurationPlatforms) = preSolution
		Debug|Any CPU = Debug|Any CPU
		Release|Any CPU = Release|Any CPU
	EndGlobalSection
	GlobalSection(ProjectConfigurationPlatforms) = postSolution
		{645635AB-34DE-4047-92F1-9F7EAE1C7755}.Debug|Any CPU.ActiveCfg = Debug|Any CPU
		{645635AB-34DE-4047-92F1-9F7EAE1C7755}.Debug|Any CPU.Build.0 = Debug|Any CPU
		{645635AB-34DE-4047-92F1-9F7EAE1C7755}.Release|Any CPU.ActiveCfg = Release|Any CPU
		{645635AB-34DE-4047-92F1-9F7EAE1C7755}.Release|Any CPU.Build.0 = Release|Any CPU
	EndGlobalSection
	GlobalSection(SolutionProperties) = preSolution
		HideSolutionNode = FALSE
	EndGlobalSection
	GlobalSection(ExtensibilityGlobals) = postSolution
		SolutionGuid = {FBBC98A9-D926-4923-A56A-74D6462DE22F}
	EndGlobalSection
EndGlobal
